<?xml version="1.0" encoding="utf-8"?>
<Project ToolsVersion="4.0" xmlns="http://schemas.microsoft.com/developer/msbuild/2003">
  <ItemGroup>
    <Filter Include="Sources">
      <UniqueIdentifier>{8b7ed093-66ce-4096-96d2-fbb9faa4bf52}</UniqueIdentifier>
    </Filter>
    <Filter Include="Sources\Modules">
      <UniqueIdentifier>{7b418be2-1631-4a31-9ef2-8a8b234a7339}</UniqueIdentifier>
    </Filter>
    <Filter Include="Sources\Containers">
      <UniqueIdentifier>{afc36133-f401-499a-aa33-0da1e500fb52}</UniqueIdentifier>
    </Filter>
    <Filter Include="Sources\Tools">
      <UniqueIdentifier>{7e4dfaf7-022c-4f7d-92aa-f3b3fa9d6248}</UniqueIdentifier>
    </Filter>
    <Filter Include="Sources\Helpers">
      <UniqueIdentifier>{121f8e6b-df36-4ab0-be0d-601ddfc9e503}</UniqueIdentifier>
    </Filter>
    <Filter Include="Sources\Modules\Game">
      <UniqueIdentifier>{83f46af7-e02f-40c0-9e56-41d76082527b}</UniqueIdentifier>
    </Filter>
    <Filter Include="Sources\Third_Party">
      <UniqueIdentifier>{4e8c494c-a2dd-48ba-9b55-8cf99066719e}</UniqueIdentifier>
    </Filter>
    <Filter Include="Sources\Third_Party\ImGui">
      <UniqueIdentifier>{4681e0bf-483c-4f6b-8493-f69a49e627cb}</UniqueIdentifier>
    </Filter>
    <Filter Include="Sources\Third_Party\Glew">
      <UniqueIdentifier>{0e411bf2-f312-467a-94f7-ad06ccb3888f}</UniqueIdentifier>
    </Filter>
    <Filter Include="Sources\Modules\GUI">
      <UniqueIdentifier>{50e431cf-05f5-46e2-beef-34dbdbd90a1f}</UniqueIdentifier>
    </Filter>
    <Filter Include="Sources\Third_Party\parson">
      <UniqueIdentifier>{93e7e650-96c1-4c4f-a674-a1cc05336732}</UniqueIdentifier>
    </Filter>
    <Filter Include="Sources\Third_Party\PCG">
      <UniqueIdentifier>{1b7845cc-0aab-4368-ad22-558f99c292db}</UniqueIdentifier>
    </Filter>
  </ItemGroup>
  <ItemGroup>
    <ClInclude Include="Module.h">
      <Filter>Sources\Modules</Filter>
    </ClInclude>
    <ClInclude Include="ModuleCamera3D.h">
      <Filter>Sources\Modules</Filter>
    </ClInclude>
    <ClInclude Include="ModuleInput.h">
      <Filter>Sources\Modules</Filter>
    </ClInclude>
    <ClInclude Include="ModuleRenderer3D.h">
      <Filter>Sources\Modules</Filter>
    </ClInclude>
    <ClInclude Include="ModuleWindow.h">
      <Filter>Sources\Modules</Filter>
    </ClInclude>
    <ClInclude Include="glmath.h">
      <Filter>Sources\Containers</Filter>
    </ClInclude>
    <ClInclude Include="Application.h">
      <Filter>Sources</Filter>
    </ClInclude>
    <ClInclude Include="Globals.h">
      <Filter>Sources</Filter>
    </ClInclude>
    <ClInclude Include="Primitive.h">
      <Filter>Sources\Helpers</Filter>
    </ClInclude>
    <ClInclude Include="Color.h">
      <Filter>Sources\Containers</Filter>
    </ClInclude>
    <ClInclude Include="Light.h">
      <Filter>Sources\Helpers</Filter>
    </ClInclude>
    <ClInclude Include="ModuleSceneIntro.h">
      <Filter>Sources\Modules\Game</Filter>
    </ClInclude>
    <ClInclude Include="Timer.h">
      <Filter>Sources\Tools</Filter>
    </ClInclude>
    <ClInclude Include="resource.h" />
    <ClInclude Include="Imgui\imconfig.h">
      <Filter>Sources\Third_Party\ImGui</Filter>
    </ClInclude>
    <ClInclude Include="Imgui\imgui.h">
      <Filter>Sources\Third_Party\ImGui</Filter>
    </ClInclude>
    <ClInclude Include="Imgui\imgui_impl_opengl3.h">
      <Filter>Sources\Third_Party\ImGui</Filter>
    </ClInclude>
    <ClInclude Include="Imgui\imgui_impl_sdl.h">
      <Filter>Sources\Third_Party\ImGui</Filter>
    </ClInclude>
    <ClInclude Include="Imgui\imgui_internal.h">
      <Filter>Sources\Third_Party\ImGui</Filter>
    </ClInclude>
    <ClInclude Include="Imgui\imstb_rectpack.h">
      <Filter>Sources\Third_Party\ImGui</Filter>
    </ClInclude>
    <ClInclude Include="Imgui\imstb_textedit.h">
      <Filter>Sources\Third_Party\ImGui</Filter>
    </ClInclude>
    <ClInclude Include="Imgui\imstb_truetype.h">
      <Filter>Sources\Third_Party\ImGui</Filter>
    </ClInclude>
    <ClInclude Include="glew\include\GL\eglew.h">
      <Filter>Sources\Third_Party\Glew</Filter>
    </ClInclude>
    <ClInclude Include="glew\include\GL\glew.h">
      <Filter>Sources\Third_Party\Glew</Filter>
    </ClInclude>
    <ClInclude Include="glew\include\GL\glxew.h">
      <Filter>Sources\Third_Party\Glew</Filter>
    </ClInclude>
    <ClInclude Include="glew\include\GL\wglew.h">
      <Filter>Sources\Third_Party\Glew</Filter>
    </ClInclude>
    <ClInclude Include="ModuleImGui.h">
      <Filter>Sources\Modules</Filter>
    </ClInclude>
    <ClInclude Include="Panel.h">
      <Filter>Sources\Modules\GUI</Filter>
    </ClInclude>
    <ClInclude Include="PanelConsole.h">
      <Filter>Sources\Modules\GUI</Filter>
    </ClInclude>
    <ClInclude Include="PanelConfiguration.h">
      <Filter>Sources\Modules\GUI</Filter>
    </ClInclude>
    <ClInclude Include="PanelAbout.h">
      <Filter>Sources\Modules\GUI</Filter>
    </ClInclude>
    <ClInclude Include="parson\parson.h">
      <Filter>Sources\Third_Party\parson</Filter>
    </ClInclude>
    <ClInclude Include="PCG\entropy.h">
      <Filter>Sources\Third_Party\PCG</Filter>
    </ClInclude>
    <ClInclude Include="PCG\pcg_spinlock.h">
      <Filter>Sources\Third_Party\PCG</Filter>
    </ClInclude>
    <ClInclude Include="PCG\pcg_variants.h">
      <Filter>Sources\Third_Party\PCG</Filter>
    </ClInclude>
    <ClInclude Include="ModuleLoadMesh.h">
      <Filter>Sources\Modules\Game</Filter>
    </ClInclude>
    <ClInclude Include="GameObject.h">
      <Filter>Sources\Modules</Filter>
    </ClInclude>
    <ClInclude Include="Components.h">
      <Filter>Sources\Modules\Game</Filter>
    </ClInclude>
    <ClInclude Include="CompTransform.h">
      <Filter>Sources\Modules\Game</Filter>
    </ClInclude>
  </ItemGroup>
  <ItemGroup>
    <ClCompile Include="ModuleCamera3D.cpp">
      <Filter>Sources\Modules</Filter>
    </ClCompile>
    <ClCompile Include="ModuleInput.cpp">
      <Filter>Sources\Modules</Filter>
    </ClCompile>
    <ClCompile Include="ModuleRenderer3D.cpp">
      <Filter>Sources\Modules</Filter>
    </ClCompile>
    <ClCompile Include="ModuleWindow.cpp">
      <Filter>Sources\Modules</Filter>
    </ClCompile>
    <ClCompile Include="log.cpp">
      <Filter>Sources\Tools</Filter>
    </ClCompile>
    <ClCompile Include="Timer.cpp">
      <Filter>Sources\Tools</Filter>
    </ClCompile>
    <ClCompile Include="Application.cpp">
      <Filter>Sources</Filter>
    </ClCompile>
    <ClCompile Include="Main.cpp">
      <Filter>Sources</Filter>
    </ClCompile>
    <ClCompile Include="glmath.cpp">
      <Filter>Sources\Containers</Filter>
    </ClCompile>
    <ClCompile Include="Primitive.cpp">
      <Filter>Sources\Helpers</Filter>
    </ClCompile>
    <ClCompile Include="Color.cpp">
      <Filter>Sources\Containers</Filter>
    </ClCompile>
    <ClCompile Include="Light.cpp">
      <Filter>Sources\Helpers</Filter>
    </ClCompile>
    <ClCompile Include="ModuleSceneIntro.cpp">
      <Filter>Sources\Modules\Game</Filter>
    </ClCompile>
    <ClCompile Include="Imgui\imgui.cpp">
      <Filter>Sources\Third_Party\ImGui</Filter>
    </ClCompile>
    <ClCompile Include="Imgui\imgui_demo.cpp">
      <Filter>Sources\Third_Party\ImGui</Filter>
    </ClCompile>
    <ClCompile Include="Imgui\imgui_draw.cpp">
      <Filter>Sources\Third_Party\ImGui</Filter>
    </ClCompile>
    <ClCompile Include="Imgui\imgui_impl_opengl3.cpp">
      <Filter>Sources\Third_Party\ImGui</Filter>
    </ClCompile>
    <ClCompile Include="Imgui\imgui_impl_sdl.cpp">
      <Filter>Sources\Third_Party\ImGui</Filter>
    </ClCompile>
    <ClCompile Include="Imgui\imgui_widgets.cpp">
      <Filter>Sources\Third_Party\ImGui</Filter>
    </ClCompile>
    <ClCompile Include="ModuleImGui.cpp">
      <Filter>Sources\Modules</Filter>
    </ClCompile>
    <ClCompile Include="Panel.cpp">
      <Filter>Sources\Modules\GUI</Filter>
    </ClCompile>
    <ClCompile Include="PanelConsole.cpp">
      <Filter>Sources\Modules\GUI</Filter>
    </ClCompile>
    <ClCompile Include="PanelConfiguration.cpp">
      <Filter>Sources\Modules\GUI</Filter>
    </ClCompile>
    <ClCompile Include="PanelAbout.cpp">
      <Filter>Sources\Modules\GUI</Filter>
    </ClCompile>
    <ClCompile Include="parson\parson.c">
      <Filter>Sources\Third_Party\parson</Filter>
    </ClCompile>
    <ClCompile Include="PCG\entropy.c">
      <Filter>Sources\Third_Party\PCG</Filter>
    </ClCompile>
    <ClCompile Include="ModuleLoadMesh.cpp">
      <Filter>Sources\Modules\Game</Filter>
    </ClCompile>
    <ClCompile Include="GameObject.cpp">
      <Filter>Sources\Modules</Filter>
    </ClCompile>
    <ClCompile Include="Components.cpp">
      <Filter>Sources\Modules\Game</Filter>
    </ClCompile>
    <ClCompile Include="CompTransform.cpp">
      <Filter>Sources\Modules\Game</Filter>
    </ClCompile>
  </ItemGroup>
  <ItemGroup>
    <ResourceCompile Include="VultureEngine.rc" />
  </ItemGroup>
  <ItemGroup>
    <None Include="parson\LICENSE">
      <Filter>Sources\Third_Party\parson</Filter>
    </None>
  </ItemGroup>
</Project>